// !$*UTF8*$!
{
	archiveVersion = 1;
	classes = {
	};
	objectVersion = 50;
	objects = {

/* Begin PBXBuildFile section */
		F125130025E81E26006BC1D4 /* Extension.swift in Sources */ = {isa = PBXBuildFile; fileRef = F12512FF25E81E26006BC1D4 /* Extension.swift */; };
		F162145825E7CC1C000EB994 /* TabBarViewController.swift in Sources */ = {isa = PBXBuildFile; fileRef = F162145725E7CC1C000EB994 /* TabBarViewController.swift */; };
		F162145A25E7CC66000EB994 /* SearchViewController.swift in Sources */ = {isa = PBXBuildFile; fileRef = F162145925E7CC66000EB994 /* SearchViewController.swift */; };
		F162145C25E7CC80000EB994 /* LibraryViewController.swift in Sources */ = {isa = PBXBuildFile; fileRef = F162145B25E7CC80000EB994 /* LibraryViewController.swift */; };
		F162146025E7CCBC000EB994 /* AuthViewController.swift in Sources */ = {isa = PBXBuildFile; fileRef = F162145F25E7CCBC000EB994 /* AuthViewController.swift */; };
		F162146225E7CCCC000EB994 /* PlayerViewController.swift in Sources */ = {isa = PBXBuildFile; fileRef = F162146125E7CCCC000EB994 /* PlayerViewController.swift */; };
		F162146425E7CCDB000EB994 /* SettingsViewController.swift in Sources */ = {isa = PBXBuildFile; fileRef = F162146325E7CCDB000EB994 /* SettingsViewController.swift */; };
		F162146625E7CCF1000EB994 /* SearchResultsViewController.swift in Sources */ = {isa = PBXBuildFile; fileRef = F162146525E7CCF1000EB994 /* SearchResultsViewController.swift */; };
		F162146825E7CCFD000EB994 /* WelcomeViewController.swift in Sources */ = {isa = PBXBuildFile; fileRef = F162146725E7CCFD000EB994 /* WelcomeViewController.swift */; };
		F162146E25E7CF58000EB994 /* AuthManager.swift in Sources */ = {isa = PBXBuildFile; fileRef = F162146D25E7CF58000EB994 /* AuthManager.swift */; };
		F162147025E7CF6F000EB994 /* APICaller.swift in Sources */ = {isa = PBXBuildFile; fileRef = F162146F25E7CF6F000EB994 /* APICaller.swift */; };
		F162147225E7CF85000EB994 /* HapticsManager.swift in Sources */ = {isa = PBXBuildFile; fileRef = F162147125E7CF85000EB994 /* HapticsManager.swift */; };
		F162147425E7CFAD000EB994 /* Playlist.swift in Sources */ = {isa = PBXBuildFile; fileRef = F162147325E7CFAD000EB994 /* Playlist.swift */; };
		F162147625E7CFC2000EB994 /* Artist.swift in Sources */ = {isa = PBXBuildFile; fileRef = F162147525E7CFC2000EB994 /* Artist.swift */; };
		F162147825E7CFD7000EB994 /* UserProfile.swift in Sources */ = {isa = PBXBuildFile; fileRef = F162147725E7CFD7000EB994 /* UserProfile.swift */; };
		F162147A25E7D01D000EB994 /* AudioTrack.swift in Sources */ = {isa = PBXBuildFile; fileRef = F162147925E7D01D000EB994 /* AudioTrack.swift */; };
		F16B674225E7B9800065D498 /* AppDelegate.swift in Sources */ = {isa = PBXBuildFile; fileRef = F16B674125E7B9800065D498 /* AppDelegate.swift */; };
		F16B674425E7B9800065D498 /* SceneDelegate.swift in Sources */ = {isa = PBXBuildFile; fileRef = F16B674325E7B9800065D498 /* SceneDelegate.swift */; };
		F16B674625E7B9800065D498 /* HomeViewController.swift in Sources */ = {isa = PBXBuildFile; fileRef = F16B674525E7B9800065D498 /* HomeViewController.swift */; };
		F16B674B25E7B9810065D498 /* Assets.xcassets in Resources */ = {isa = PBXBuildFile; fileRef = F16B674A25E7B9810065D498 /* Assets.xcassets */; };
		F16B674E25E7B9810065D498 /* LaunchScreen.storyboard in Resources */ = {isa = PBXBuildFile; fileRef = F16B674C25E7B9810065D498 /* LaunchScreen.storyboard */; };
		F1ED077A25F6DD5000914E3A /* AuthResponse.swift in Sources */ = {isa = PBXBuildFile; fileRef = F1ED077925F6DD5000914E3A /* AuthResponse.swift */; };
/* End PBXBuildFile section */

/* Begin PBXFileReference section */
		F12512FF25E81E26006BC1D4 /* Extension.swift */ = {isa = PBXFileReference; lastKnownFileType = sourcecode.swift; path = Extension.swift; sourceTree = "<group>"; };
		F162145725E7CC1C000EB994 /* TabBarViewController.swift */ = {isa = PBXFileReference; lastKnownFileType = sourcecode.swift; path = TabBarViewController.swift; sourceTree = "<group>"; };
		F162145925E7CC66000EB994 /* SearchViewController.swift */ = {isa = PBXFileReference; lastKnownFileType = sourcecode.swift; path = SearchViewController.swift; sourceTree = "<group>"; };
		F162145B25E7CC80000EB994 /* LibraryViewController.swift */ = {isa = PBXFileReference; lastKnownFileType = sourcecode.swift; path = LibraryViewController.swift; sourceTree = "<group>"; };
		F162145F25E7CCBC000EB994 /* AuthViewController.swift */ = {isa = PBXFileReference; lastKnownFileType = sourcecode.swift; path = AuthViewController.swift; sourceTree = "<group>"; };
		F162146125E7CCCC000EB994 /* PlayerViewController.swift */ = {isa = PBXFileReference; lastKnownFileType = sourcecode.swift; path = PlayerViewController.swift; sourceTree = "<group>"; };
		F162146325E7CCDB000EB994 /* SettingsViewController.swift */ = {isa = PBXFileReference; lastKnownFileType = sourcecode.swift; path = SettingsViewController.swift; sourceTree = "<group>"; };
		F162146525E7CCF1000EB994 /* SearchResultsViewController.swift */ = {isa = PBXFileReference; lastKnownFileType = sourcecode.swift; path = SearchResultsViewController.swift; sourceTree = "<group>"; };
		F162146725E7CCFD000EB994 /* WelcomeViewController.swift */ = {isa = PBXFileReference; lastKnownFileType = sourcecode.swift; path = WelcomeViewController.swift; sourceTree = "<group>"; };
		F162146D25E7CF58000EB994 /* AuthManager.swift */ = {isa = PBXFileReference; lastKnownFileType = sourcecode.swift; path = AuthManager.swift; sourceTree = "<group>"; };
		F162146F25E7CF6F000EB994 /* APICaller.swift */ = {isa = PBXFileReference; lastKnownFileType = sourcecode.swift; path = APICaller.swift; sourceTree = "<group>"; };
		F162147125E7CF85000EB994 /* HapticsManager.swift */ = {isa = PBXFileReference; lastKnownFileType = sourcecode.swift; path = HapticsManager.swift; sourceTree = "<group>"; };
		F162147325E7CFAD000EB994 /* Playlist.swift */ = {isa = PBXFileReference; lastKnownFileType = sourcecode.swift; path = Playlist.swift; sourceTree = "<group>"; };
		F162147525E7CFC2000EB994 /* Artist.swift */ = {isa = PBXFileReference; lastKnownFileType = sourcecode.swift; path = Artist.swift; sourceTree = "<group>"; };
		F162147725E7CFD7000EB994 /* UserProfile.swift */ = {isa = PBXFileReference; lastKnownFileType = sourcecode.swift; path = UserProfile.swift; sourceTree = "<group>"; };
		F162147925E7D01D000EB994 /* AudioTrack.swift */ = {isa = PBXFileReference; lastKnownFileType = sourcecode.swift; path = AudioTrack.swift; sourceTree = "<group>"; };
		F16B673E25E7B9800065D498 /* DoSpotify.app */ = {isa = PBXFileReference; explicitFileType = wrapper.application; includeInIndex = 0; path = DoSpotify.app; sourceTree = BUILT_PRODUCTS_DIR; };
		F16B674125E7B9800065D498 /* AppDelegate.swift */ = {isa = PBXFileReference; lastKnownFileType = sourcecode.swift; path = AppDelegate.swift; sourceTree = "<group>"; };
		F16B674325E7B9800065D498 /* SceneDelegate.swift */ = {isa = PBXFileReference; lastKnownFileType = sourcecode.swift; path = SceneDelegate.swift; sourceTree = "<group>"; };
		F16B674525E7B9800065D498 /* HomeViewController.swift */ = {isa = PBXFileReference; lastKnownFileType = sourcecode.swift; path = HomeViewController.swift; sourceTree = "<group>"; };
		F16B674A25E7B9810065D498 /* Assets.xcassets */ = {isa = PBXFileReference; lastKnownFileType = folder.assetcatalog; path = Assets.xcassets; sourceTree = "<group>"; };
		F16B674D25E7B9810065D498 /* Base */ = {isa = PBXFileReference; lastKnownFileType = file.storyboard; name = Base; path = Base.lproj/LaunchScreen.storyboard; sourceTree = "<group>"; };
		F16B674F25E7B9810065D498 /* Info.plist */ = {isa = PBXFileReference; lastKnownFileType = text.plist.xml; path = Info.plist; sourceTree = "<group>"; };
		F1ED077925F6DD5000914E3A /* AuthResponse.swift */ = {isa = PBXFileReference; lastKnownFileType = sourcecode.swift; path = AuthResponse.swift; sourceTree = "<group>"; };
/* End PBXFileReference section */

/* Begin PBXFrameworksBuildPhase section */
		F16B673B25E7B9800065D498 /* Frameworks */ = {
			isa = PBXFrameworksBuildPhase;
			buildActionMask = 2147483647;
			files = (
			);
			runOnlyForDeploymentPostprocessing = 0;
		};
/* End PBXFrameworksBuildPhase section */

/* Begin PBXGroup section */
		F162145D25E7CC85000EB994 /* Core */ = {
			isa = PBXGroup;
			children = (
				F16B674525E7B9800065D498 /* HomeViewController.swift */,
				F162145725E7CC1C000EB994 /* TabBarViewController.swift */,
				F162145925E7CC66000EB994 /* SearchViewController.swift */,
				F162145B25E7CC80000EB994 /* LibraryViewController.swift */,
			);
			path = Core;
			sourceTree = "<group>";
		};
		F162145E25E7CCA5000EB994 /* Other */ = {
			isa = PBXGroup;
			children = (
				F162145F25E7CCBC000EB994 /* AuthViewController.swift */,
				F162146125E7CCCC000EB994 /* PlayerViewController.swift */,
				F162146325E7CCDB000EB994 /* SettingsViewController.swift */,
				F162146525E7CCF1000EB994 /* SearchResultsViewController.swift */,
				F162146725E7CCFD000EB994 /* WelcomeViewController.swift */,
			);
			path = Other;
			sourceTree = "<group>";
		};
		F16B673525E7B9800065D498 = {
			isa = PBXGroup;
			children = (
				F16B674025E7B9800065D498 /* DoSpotify */,
				F16B673F25E7B9800065D498 /* Products */,
			);
			sourceTree = "<group>";
		};
		F16B673F25E7B9800065D498 /* Products */ = {
			isa = PBXGroup;
			children = (
				F16B673E25E7B9800065D498 /* DoSpotify.app */,
			);
			name = Products;
			sourceTree = "<group>";
		};
		F16B674025E7B9800065D498 /* DoSpotify */ = {
			isa = PBXGroup;
			children = (
				F16B675525E7C3090065D498 /* Resources */,
				F16B675625E7C3110065D498 /* Manangers */,
				F16B675725E7C31A0065D498 /* ViewModels */,
				F16B675A25E7C3350065D498 /* Controllers */,
				F16B675925E7C3290065D498 /* Views */,
				F16B675825E7C3230065D498 /* Models */,
				F16B674F25E7B9810065D498 /* Info.plist */,
			);
			path = DoSpotify;
			sourceTree = "<group>";
		};
		F16B675525E7C3090065D498 /* Resources */ = {
			isa = PBXGroup;
			children = (
				F16B674A25E7B9810065D498 /* Assets.xcassets */,
				F16B674125E7B9800065D498 /* AppDelegate.swift */,
				F16B674325E7B9800065D498 /* SceneDelegate.swift */,
				F12512FF25E81E26006BC1D4 /* Extension.swift */,
			);
			path = Resources;
			sourceTree = "<group>";
		};
		F16B675625E7C3110065D498 /* Manangers */ = {
			isa = PBXGroup;
			children = (
				F162146D25E7CF58000EB994 /* AuthManager.swift */,
				F162146F25E7CF6F000EB994 /* APICaller.swift */,
				F162147125E7CF85000EB994 /* HapticsManager.swift */,
			);
			path = Manangers;
			sourceTree = "<group>";
		};
		F16B675725E7C31A0065D498 /* ViewModels */ = {
			isa = PBXGroup;
			children = (
			);
			path = ViewModels;
			sourceTree = "<group>";
		};
		F16B675825E7C3230065D498 /* Models */ = {
			isa = PBXGroup;
			children = (
				F162147325E7CFAD000EB994 /* Playlist.swift */,
				F162147525E7CFC2000EB994 /* Artist.swift */,
				F162147725E7CFD7000EB994 /* UserProfile.swift */,
				F162147925E7D01D000EB994 /* AudioTrack.swift */,
				F1ED077925F6DD5000914E3A /* AuthResponse.swift */,
			);
			path = Models;
			sourceTree = "<group>";
		};
		F16B675925E7C3290065D498 /* Views */ = {
			isa = PBXGroup;
			children = (
				F16B674C25E7B9810065D498 /* LaunchScreen.storyboard */,
			);
			path = Views;
			sourceTree = "<group>";
		};
		F16B675A25E7C3350065D498 /* Controllers */ = {
			isa = PBXGroup;
			children = (
				F162145E25E7CCA5000EB994 /* Other */,
				F162145D25E7CC85000EB994 /* Core */,
			);
			path = Controllers;
			sourceTree = "<group>";
		};
/* End PBXGroup section */

/* Begin PBXNativeTarget section */
		F16B673D25E7B9800065D498 /* DoSpotify */ = {
			isa = PBXNativeTarget;
			buildConfigurationList = F16B675225E7B9810065D498 /* Build configuration list for PBXNativeTarget "DoSpotify" */;
			buildPhases = (
				F16B673A25E7B9800065D498 /* Sources */,
				F16B673B25E7B9800065D498 /* Frameworks */,
				F16B673C25E7B9800065D498 /* Resources */,
			);
			buildRules = (
			);
			dependencies = (
			);
			name = DoSpotify;
			productName = DoSpotify;
			productReference = F16B673E25E7B9800065D498 /* DoSpotify.app */;
			productType = "com.apple.product-type.application";
		};
/* End PBXNativeTarget section */

/* Begin PBXProject section */
		F16B673625E7B9800065D498 /* Project object */ = {
			isa = PBXProject;
			attributes = {
				LastSwiftUpdateCheck = 1160;
				LastUpgradeCheck = 1240;
				ORGANIZATIONNAME = akdigital;
				TargetAttributes = {
					F16B673D25E7B9800065D498 = {
						CreatedOnToolsVersion = 11.6;
					};
				};
			};
			buildConfigurationList = F16B673925E7B9800065D498 /* Build configuration list for PBXProject "DoSpotify" */;
			compatibilityVersion = "Xcode 9.3";
			developmentRegion = en;
			hasScannedForEncodings = 0;
			knownRegions = (
				en,
				Base,
			);
			mainGroup = F16B673525E7B9800065D498;
			productRefGroup = F16B673F25E7B9800065D498 /* Products */;
			projectDirPath = "";
			projectRoot = "";
			targets = (
				F16B673D25E7B9800065D498 /* DoSpotify */,
			);
		};
/* End PBXProject section */

/* Begin PBXResourcesBuildPhase section */
		F16B673C25E7B9800065D498 /* Resources */ = {
			isa = PBXResourcesBuildPhase;
			buildActionMask = 2147483647;
			files = (
				F16B674E25E7B9810065D498 /* LaunchScreen.storyboard in Resources */,
				F16B674B25E7B9810065D498 /* Assets.xcassets in Resources */,
			);
			runOnlyForDeploymentPostprocessing = 0;
		};
/* End PBXResourcesBuildPhase section */

/* Begin PBXSourcesBuildPhase section */
		F16B673A25E7B9800065D498 /* Sources */ = {
			isa = PBXSourcesBuildPhase;
			buildActionMask = 2147483647;
			files = (
				F162145A25E7CC66000EB994 /* SearchViewController.swift in Sources */,
				F162146E25E7CF58000EB994 /* AuthManager.swift in Sources */,
				F162147225E7CF85000EB994 /* HapticsManager.swift in Sources */,
				F162147025E7CF6F000EB994 /* APICaller.swift in Sources */,
				F162146225E7CCCC000EB994 /* PlayerViewController.swift in Sources */,
				F162146825E7CCFD000EB994 /* WelcomeViewController.swift in Sources */,
				F162145825E7CC1C000EB994 /* TabBarViewController.swift in Sources */,
				F16B674625E7B9800065D498 /* HomeViewController.swift in Sources */,
				F162147A25E7D01D000EB994 /* AudioTrack.swift in Sources */,
				F162146025E7CCBC000EB994 /* AuthViewController.swift in Sources */,
				F16B674225E7B9800065D498 /* AppDelegate.swift in Sources */,
				F162145C25E7CC80000EB994 /* LibraryViewController.swift in Sources */,
				F16B674425E7B9800065D498 /* SceneDelegate.swift in Sources */,
				F125130025E81E26006BC1D4 /* Extension.swift in Sources */,
				F162146425E7CCDB000EB994 /* SettingsViewController.swift in Sources */,
				F162146625E7CCF1000EB994 /* SearchResultsViewController.swift in Sources */,
				F162147625E7CFC2000EB994 /* Artist.swift in Sources */,
				F162147425E7CFAD000EB994 /* Playlist.swift in Sources */,
				F1ED077A25F6DD5000914E3A /* AuthResponse.swift in Sources */,
				F162147825E7CFD7000EB994 /* UserProfile.swift in Sources */,
			);
			runOnlyForDeploymentPostprocessing = 0;
		};
/* End PBXSourcesBuildPhase section */

/* Begin PBXVariantGroup section */
		F16B674C25E7B9810065D498 /* LaunchScreen.storyboard */ = {
			isa = PBXVariantGroup;
			children = (
				F16B674D25E7B9810065D498 /* Base */,
			);
			name = LaunchScreen.storyboard;
			sourceTree = "<group>";
		};
/* End PBXVariantGroup section */

/* Begin XCBuildConfiguration section */
		F16B675025E7B9810065D498 /* Debug */ = {
			isa = XCBuildConfiguration;
			buildSettings = {
				ALWAYS_SEARCH_USER_PATHS = NO;
				CLANG_ANALYZER_NONNULL = YES;
				CLANG_ANALYZER_NUMBER_OBJECT_CONVERSION = YES_AGGRESSIVE;
				CLANG_CXX_LANGUAGE_STANDARD = "gnu++14";
				CLANG_CXX_LIBRARY = "libc++";
				CLANG_ENABLE_MODULES = YES;
				CLANG_ENABLE_OBJC_ARC = YES;
				CLANG_ENABLE_OBJC_WEAK = YES;
				CLANG_WARN_BLOCK_CAPTURE_AUTORELEASING = YES;
				CLANG_WARN_BOOL_CONVERSION = YES;
				CLANG_WARN_COMMA = YES;
				CLANG_WARN_CONSTANT_CONVERSION = YES;
				CLANG_WARN_DEPRECATED_OBJC_IMPLEMENTATIONS = YES;
				CLANG_WARN_DIRECT_OBJC_ISA_USAGE = YES_ERROR;
				CLANG_WARN_DOCUMENTATION_COMMENTS = YES;
				CLANG_WARN_EMPTY_BODY = YES;
				CLANG_WARN_ENUM_CONVERSION = YES;
				CLANG_WARN_INFINITE_RECURSION = YES;
				CLANG_WARN_INT_CONVERSION = YES;
				CLANG_WARN_NON_LITERAL_NULL_CONVERSION = YES;
				CLANG_WARN_OBJC_IMPLICIT_RETAIN_SELF = YES;
				CLANG_WARN_OBJC_LITERAL_CONVERSION = YES;
				CLANG_WARN_OBJC_ROOT_CLASS = YES_ERROR;
				CLANG_WARN_QUOTED_INCLUDE_IN_FRAMEWORK_HEADER = YES;
				CLANG_WARN_RANGE_LOOP_ANALYSIS = YES;
				CLANG_WARN_STRICT_PROTOTYPES = YES;
				CLANG_WARN_SUSPICIOUS_MOVE = YES;
				CLANG_WARN_UNGUARDED_AVAILABILITY = YES_AGGRESSIVE;
				CLANG_WARN_UNREACHABLE_CODE = YES;
				CLANG_WARN__DUPLICATE_METHOD_MATCH = YES;
				COPY_PHASE_STRIP = NO;
				DEBUG_INFORMATION_FORMAT = dwarf;
				ENABLE_STRICT_OBJC_MSGSEND = YES;
				ENABLE_TESTABILITY = YES;
				GCC_C_LANGUAGE_STANDARD = gnu11;
				GCC_DYNAMIC_NO_PIC = NO;
				GCC_NO_COMMON_BLOCKS = YES;
				GCC_OPTIMIZATION_LEVEL = 0;
				GCC_PREPROCESSOR_DEFINITIONS = (
					"DEBUG=1",
					"$(inherited)",
				);
				GCC_WARN_64_TO_32_BIT_CONVERSION = YES;
				GCC_WARN_ABOUT_RETURN_TYPE = YES_ERROR;
				GCC_WARN_UNDECLARED_SELECTOR = YES;
				GCC_WARN_UNINITIALIZED_AUTOS = YES_AGGRESSIVE;
				GCC_WARN_UNUSED_FUNCTION = YES;
				GCC_WARN_UNUSED_VARIABLE = YES;
				IPHONEOS_DEPLOYMENT_TARGET = 13.6;
				MTL_ENABLE_DEBUG_INFO = INCLUDE_SOURCE;
				MTL_FAST_MATH = YES;
				ONLY_ACTIVE_ARCH = YES;
				SDKROOT = iphoneos;
				SWIFT_ACTIVE_COMPILATION_CONDITIONS = DEBUG;
				SWIFT_OPTIMIZATION_LEVEL = "-Onone";
			};
			name = Debug;
		};
		F16B675125E7B9810065D498 /* Release */ = {
			isa = XCBuildConfiguration;
			buildSettings = {
				ALWAYS_SEARCH_USER_PATHS = NO;
				CLANG_ANALYZER_NONNULL = YES;
				CLANG_ANALYZER_NUMBER_OBJECT_CONVERSION = YES_AGGRESSIVE;
				CLANG_CXX_LANGUAGE_STANDARD = "gnu++14";
				CLANG_CXX_LIBRARY = "libc++";
				CLANG_ENABLE_MODULES = YES;
				CLANG_ENABLE_OBJC_ARC = YES;
				CLANG_ENABLE_OBJC_WEAK = YES;
				CLANG_WARN_BLOCK_CAPTURE_AUTORELEASING = YES;
				CLANG_WARN_BOOL_CONVERSION = YES;
				CLANG_WARN_COMMA = YES;
				CLANG_WARN_CONSTANT_CONVERSION = YES;
				CLANG_WARN_DEPRECATED_OBJC_IMPLEMENTATIONS = YES;
				CLANG_WARN_DIRECT_OBJC_ISA_USAGE = YES_ERROR;
				CLANG_WARN_DOCUMENTATION_COMMENTS = YES;
				CLANG_WARN_EMPTY_BODY = YES;
				CLANG_WARN_ENUM_CONVERSION = YES;
				CLANG_WARN_INFINITE_RECURSION = YES;
				CLANG_WARN_INT_CONVERSION = YES;
				CLANG_WARN_NON_LITERAL_NULL_CONVERSION = YES;
				CLANG_WARN_OBJC_IMPLICIT_RETAIN_SELF = YES;
				CLANG_WARN_OBJC_LITERAL_CONVERSION = YES;
				CLANG_WARN_OBJC_ROOT_CLASS = YES_ERROR;
				CLANG_WARN_QUOTED_INCLUDE_IN_FRAMEWORK_HEADER = YES;
				CLANG_WARN_RANGE_LOOP_ANALYSIS = YES;
				CLANG_WARN_STRICT_PROTOTYPES = YES;
				CLANG_WARN_SUSPICIOUS_MOVE = YES;
				CLANG_WARN_UNGUARDED_AVAILABILITY = YES_AGGRESSIVE;
				CLANG_WARN_UNREACHABLE_CODE = YES;
				CLANG_WARN__DUPLICATE_METHOD_MATCH = YES;
				COPY_PHASE_STRIP = NO;
				DEBUG_INFORMATION_FORMAT = "dwarf-with-dsym";
				ENABLE_NS_ASSERTIONS = NO;
				ENABLE_STRICT_OBJC_MSGSEND = YES;
				GCC_C_LANGUAGE_STANDARD = gnu11;
				GCC_NO_COMMON_BLOCKS = YES;
				GCC_WARN_64_TO_32_BIT_CONVERSION = YES;
				GCC_WARN_ABOUT_RETURN_TYPE = YES_ERROR;
				GCC_WARN_UNDECLARED_SELECTOR = YES;
				GCC_WARN_UNINITIALIZED_AUTOS = YES_AGGRESSIVE;
				GCC_WARN_UNUSED_FUNCTION = YES;
				GCC_WARN_UNUSED_VARIABLE = YES;
				IPHONEOS_DEPLOYMENT_TARGET = 13.6;
				MTL_ENABLE_DEBUG_INFO = NO;
				MTL_FAST_MATH = YES;
				SDKROOT = iphoneos;
				SWIFT_COMPILATION_MODE = wholemodule;
				SWIFT_OPTIMIZATION_LEVEL = "-O";
				VALIDATE_PRODUCT = YES;
			};
			name = Release;
		};
		F16B675325E7B9810065D498 /* Debug */ = {
			isa = XCBuildConfiguration;
			buildSettings = {
				ASSETCATALOG_COMPILER_APPICON_NAME = AppIcon;
				CODE_SIGN_STYLE = Automatic;
				DEVELOPMENT_TEAM = 4Z6ZC6JCHL;
				INFOPLIST_FILE = DoSpotify/Info.plist;
				LD_RUNPATH_SEARCH_PATHS = (
					"$(inherited)",
					"@executable_path/Frameworks",
				);
				PRODUCT_BUNDLE_IDENTIFIER = co.zw.akdigital.DoSpotify;
				PRODUCT_NAME = "$(TARGET_NAME)";
				SWIFT_VERSION = 5.0;
				TARGETED_DEVICE_FAMILY = "1,2";
			};
			name = Debug;
		};
		F16B675425E7B9810065D498 /* Release */ = {
			isa = XCBuildConfiguration;
			buildSettings = {
				ASSETCATALOG_COMPILER_APPICON_NAME = AppIcon;
				CODE_SIGN_STYLE = Automatic;
				DEVELOPMENT_TEAM = 4Z6ZC6JCHL;
				INFOPLIST_FILE = DoSpotify/Info.plist;
				LD_RUNPATH_SEARCH_PATHS = (
					"$(inherited)",
					"@executable_path/Frameworks",
				);
				PRODUCT_BUNDLE_IDENTIFIER = co.zw.akdigital.DoSpotify;
				PRODUCT_NAME = "$(TARGET_NAME)";
				SWIFT_VERSION = 5.0;
				TARGETED_DEVICE_FAMILY = "1,2";
			};
			name = Release;
		};
/* End XCBuildConfiguration section */

/* Begin XCConfigurationList section */
		F16B673925E7B9800065D498 /* Build configuration list for PBXProject "DoSpotify" */ = {
			isa = XCConfigurationList;
			buildConfigurations = (
				F16B675025E7B9810065D498 /* Debug */,
				F16B675125E7B9810065D498 /* Release */,
			);
			defaultConfigurationIsVisible = 0;
			defaultConfigurationName = Release;
		};
		F16B675225E7B9810065D498 /* Build configuration list for PBXNativeTarget "DoSpotify" */ = {
			isa = XCConfigurationList;
			buildConfigurations = (
				F16B675325E7B9810065D498 /* Debug */,
				F16B675425E7B9810065D498 /* Release */,
			);
			defaultConfigurationIsVisible = 0;
			defaultConfigurationName = Release;
		};
/* End XCConfigurationList section */
	};
	rootObject = F16B673625E7B9800065D498 /* Project object */;
}
